
Microsoft Visual Studio Solution File, Format Version 12.00
# Visual Studio 15
VisualStudioVersion = 15.0.28307.902
MinimumVisualStudioVersion = 10.0.40219.1
Project("{9A19103F-16F7-4668-BE54-9A1E7A4F7556}") = "Register", "Register\Register.csproj", "{8BD8A81B-F174-48A6-B299-D0C3834C5094}"
EndProject
Project("{FAE04EC0-301F-11D3-BF4B-00C04F79EFBC}") = "admintest", "admintest\admintest.csproj", "{6A40365D-842D-44A4-B5C1-BF4ED39BA4C1}"
EndProject
Global
	GlobalSection(SolutionConfigurationPlatforms) = preSolution
		Debug|Any CPU = Debug|Any CPU
		Release|Any CPU = Release|Any CPU
	EndGlobalSection
	GlobalSection(ProjectConfigurationPlatforms) = postSolution
		{8BD8A81B-F174-48A6-B299-D0C3834C5094}.Debug|Any CPU.ActiveCfg = Debug|Any CPU
		{8BD8A81B-F174-48A6-B299-D0C3834C5094}.Debug|Any CPU.Build.0 = Debug|Any CPU
		{8BD8A81B-F174-48A6-B299-D0C3834C5094}.Release|Any CPU.ActiveCfg = Release|Any CPU
		{8BD8A81B-F174-48A6-B299-D0C3834C5094}.Release|Any CPU.Build.0 = Release|Any CPU
		{6A40365D-842D-44A4-B5C1-BF4ED39BA4C1}.Debug|Any CPU.ActiveCfg = Debug|Any CPU
		{6A40365D-842D-44A4-B5C1-BF4ED39BA4C1}.Debug|Any CPU.Build.0 = Debug|Any CPU
		{6A40365D-842D-44A4-B5C1-BF4ED39BA4C1}.Release|Any CPU.ActiveCfg = Release|Any CPU
		{6A40365D-842D-44A4-B5C1-BF4ED39BA4C1}.Release|Any CPU.Build.0 = Release|Any CPU
	EndGlobalSection
	GlobalSection(SolutionProperties) = preSolution
		HideSolutionNode = FALSE
	EndGlobalSection
	GlobalSection(ExtensibilityGlobals) = postSolution
		SolutionGuid = {BECDC6A0-22DF-4923-9837-4C08AF34C339}
	EndGlobalSection
EndGlobal
